<?xml version="1.0" encoding="utf-8"?>
<Project ToolsVersion="4.0" xmlns="http://schemas.microsoft.com/developer/msbuild/2003">
  <ItemGroup>
    <Filter Include="源文件">
      <UniqueIdentifier>{4FC737F1-C7A5-4376-A066-2A32D752A2FF}</UniqueIdentifier>
      <Extensions>cpp;c;cc;cxx;c++;cppm;ixx;def;odl;idl;hpj;bat;asm;asmx</Extensions>
    </Filter>
    <Filter Include="头文件">
      <UniqueIdentifier>{93995380-89BD-4b04-88EB-625FBE52EBFB}</UniqueIdentifier>
      <Extensions>h;hh;hpp;hxx;h++;hm;inl;inc;ipp;xsd</Extensions>
    </Filter>
    <Filter Include="资源文件">
      <UniqueIdentifier>{67DA6AB6-F800-4c08-8B7A-83BB121AAD01}</UniqueIdentifier>
      <Extensions>rc;ico;cur;bmp;dlg;rc2;rct;bin;rgs;gif;jpg;jpeg;jpe;resx;tiff;tif;png;wav;mfcribbon-ms</Extensions>
    </Filter>
  </ItemGroup>
  <ItemGroup>
    <ClCompile Include="Oj.cpp">
      <Filter>源文件</Filter>
    </ClCompile>
    <ClCompile Include="oj2.cpp">
      <Filter>源文件</Filter>
    </ClCompile>
    <ClCompile Include="oj3.cpp">
      <Filter>源文件</Filter>
    </ClCompile>
    <ClCompile Include="符号配对.cpp">
      <Filter>源文件</Filter>
    </ClCompile>
    <ClCompile Include="十进制转二进制.cpp">
      <Filter>源文件</Filter>
    </ClCompile>
    <ClCompile Include="舞伴问题.cpp">
      <Filter>源文件</Filter>
    </ClCompile>
    <ClCompile Include="小孩报数（顺序循环队列版）.cpp">
      <Filter>源文件</Filter>
    </ClCompile>
    <ClCompile Include="循环队列操作集.cpp">
      <Filter>源文件</Filter>
    </ClCompile>
    <ClCompile Include="带头结点的链队列的基本操作.cpp">
      <Filter>源文件</Filter>
    </ClCompile>
    <ClCompile Include="链队列入队出队操作.cpp">
      <Filter>源文件</Filter>
    </ClCompile>
    <ClCompile Include="过生日（字符串）.cpp">
      <Filter>源文件</Filter>
    </ClCompile>
    <ClCompile Include="字符串连接.cpp">
      <Filter>源文件</Filter>
    </ClCompile>
    <ClCompile Include="替换字串.cpp">
      <Filter>源文件</Filter>
    </ClCompile>
    <ClCompile Include="删除字串.cpp">
      <Filter>源文件</Filter>
    </ClCompile>
    <ClCompile Include="插入字串.cpp">
      <Filter>源文件</Filter>
    </ClCompile>
    <ClCompile Include="求子串.cpp">
      <Filter>源文件</Filter>
    </ClCompile>
    <ClCompile Include="查找字符.cpp">
      <Filter>源文件</Filter>
    </ClCompile>
    <ClCompile Include="字符串的复制（赋值）.cpp">
      <Filter>源文件</Filter>
    </ClCompile>
    <ClCompile Include="字符串的比较.cpp">
      <Filter>源文件</Filter>
    </ClCompile>
    <ClCompile Include="字符串的长度.cpp">
      <Filter>源文件</Filter>
    </ClCompile>
    <ClCompile Include="过生日csdn.cpp">
      <Filter>源文件</Filter>
    </ClCompile>
    <ClCompile Include="检查密码.cpp">
      <Filter>源文件</Filter>
    </ClCompile>
    <ClCompile Include="加强密码.cpp">
      <Filter>源文件</Filter>
    </ClCompile>
    <ClCompile Include="二叉树的非递归遍历.cpp">
      <Filter>源文件</Filter>
    </ClCompile>
    <ClCompile Include="求二叉树高度.cpp">
      <Filter>源文件</Filter>
    </ClCompile>
    <ClCompile Include="统计二叉树叶子结点个数.cpp">
      <Filter>源文件</Filter>
    </ClCompile>
    <ClCompile Include="统计二叉树结点个数.cpp">
      <Filter>源文件</Filter>
    </ClCompile>
    <ClCompile Include="统计二叉树度为1的结点个数.cpp">
      <Filter>源文件</Filter>
    </ClCompile>
    <ClCompile Include="统计二叉树度为2的结点个数.cpp">
      <Filter>源文件</Filter>
    </ClCompile>
    <ClCompile Include="二叉树的非递归遍历2.cpp">
      <Filter>源文件</Filter>
    </ClCompile>
    <ClCompile Include="求欧拉函数的值（互素的数的个数）.cpp">
      <Filter>源文件</Filter>
    </ClCompile>
    <ClCompile Include="构造哈夫曼树.cpp">
      <Filter>源文件</Filter>
    </ClCompile>
    <ClCompile Include="哈夫曼树.cpp">
      <Filter>源文件</Filter>
    </ClCompile>
    <ClCompile Include="哈夫曼树与哈夫曼编码.cpp">
      <Filter>源文件</Filter>
    </ClCompile>
    <ClCompile Include="中序输出度为1的结点.cpp">
      <Filter>源文件</Filter>
    </ClCompile>
    <ClCompile Include="中序输出度为2的结点.cpp">
      <Filter>源文件</Filter>
    </ClCompile>
    <ClCompile Include="中序输出叶子节点.cpp">
      <Filter>源文件</Filter>
    </ClCompile>
    <ClCompile Include="构造哈夫曼树2.cpp">
      <Filter>源文件</Filter>
    </ClCompile>
    <ClCompile Include="草稿.cpp">
      <Filter>源文件</Filter>
    </ClCompile>
    <ClCompile Include="采用邻接表创建无向图.cpp">
      <Filter>源文件</Filter>
    </ClCompile>
    <ClCompile Include="求采用邻接矩阵作为存储结构的有向图各顶点的出度.cpp">
      <Filter>源文件</Filter>
    </ClCompile>
    <ClCompile Include="求采用邻接矩阵作为存储结构的有向图各顶点的入度.cpp">
      <Filter>源文件</Filter>
    </ClCompile>
    <ClCompile Include="求采用邻接矩阵作为存储结构的无向图各顶点的度.cpp">
      <Filter>源文件</Filter>
    </ClCompile>
    <ClCompile Include="数据结构-有向无环图的拓扑排序.cpp">
      <Filter>源文件</Filter>
    </ClCompile>
    <ClCompile Include="图的深度遍历-邻接表实现.cpp">
      <Filter>源文件</Filter>
    </ClCompile>
    <ClCompile Include="邻接矩阵存储图的深度优先遍历.cpp">
      <Filter>源文件</Filter>
    </ClCompile>
  </ItemGroup>
</Project>